
Microsoft Visual Studio Solution File, Format Version 12.00
# Visual Studio Version 16
VisualStudioVersion = 16.0.32126.315
MinimumVisualStudioVersion = 10.0.40219.1
Project("{FAE04EC0-301F-11D3-BF4B-00C04F79EFBC}") = "ConsoleApp9", "ConsoleApp9\ConsoleApp9.csproj", "{8104D7F1-2267-43B0-B5C1-4EA2AD1A6FDA}"
EndProject
Global
	GlobalSection(SolutionConfigurationPlatforms) = preSolution
		Debug|Any CPU = Debug|Any CPU
		Release|Any CPU = Release|Any CPU
	EndGlobalSection
	GlobalSection(ProjectConfigurationPlatforms) = postSolution
		{8104D7F1-2267-43B0-B5C1-4EA2AD1A6FDA}.Debug|Any CPU.ActiveCfg = Debug|Any CPU
		{8104D7F1-2267-43B0-B5C1-4EA2AD1A6FDA}.Debug|Any CPU.Build.0 = Debug|Any CPU
		{8104D7F1-2267-43B0-B5C1-4EA2AD1A6FDA}.Release|Any CPU.ActiveCfg = Release|Any CPU
		{8104D7F1-2267-43B0-B5C1-4EA2AD1A6FDA}.Release|Any CPU.Build.0 = Release|Any CPU
	EndGlobalSection
	GlobalSection(SolutionProperties) = preSolution
		HideSolutionNode = FALSE
	EndGlobalSection
	GlobalSection(ExtensibilityGlobals) = postSolution
		SolutionGuid = {8B74E120-B52D-4FFF-B513-7F2B3BE00A2C}
	EndGlobalSection
EndGlobal
